
Microsoft Visual Studio Solution File, Format Version 12.00
# Visual Studio 2012
Project("{FAE04EC0-301F-11D3-BF4B-00C04F79EFBC}") = "HelloWorld", "HelloWorld\HelloWorld.csproj", "{A5A6531E-C3BC-4393-95AE-34D41B394300}"
EndProject
Global
	GlobalSection(SolutionConfigurationPlatforms) = preSolution
		Debug|x86 = Debug|x86
		Release|x86 = Release|x86
	EndGlobalSection
	GlobalSection(ProjectConfigurationPlatforms) = postSolution
		{A5A6531E-C3BC-4393-95AE-34D41B394300}.Debug|x86.ActiveCfg = Debug|x86
		{A5A6531E-C3BC-4393-95AE-34D41B394300}.Debug|x86.Build.0 = Debug|x86
		{A5A6531E-C3BC-4393-95AE-34D41B394300}.Release|x86.ActiveCfg = Release|x86
		{A5A6531E-C3BC-4393-95AE-34D41B394300}.Release|x86.Build.0 = Release|x86
	EndGlobalSection
EndGlobal
